
Microsoft Visual Studio Solution File, Format Version 12.00
Project("{FAE04EC0-301F-11D3-BF4B-00C04F79EFBC}") = "DS_Bot", "src\DS_Bot\DS_Bot.csproj", "{59B0401E-0B20-472D-A65A-BDD385A483C6}"
EndProject
Project("{FAE04EC0-301F-11D3-BF4B-00C04F79EFBC}") = "KpiDsLibrary", "src\KpiDsLibrary\KpiDsLibrary.csproj", "{A4230C5B-1162-4B1E-9B77-0F3C2E22FCE8}"
EndProject
Global
	GlobalSection(SolutionConfigurationPlatforms) = preSolution
		Debug|Any CPU = Debug|Any CPU
		Release|Any CPU = Release|Any CPU
	EndGlobalSection
	GlobalSection(ProjectConfigurationPlatforms) = postSolution
		{59B0401E-0B20-472D-A65A-BDD385A483C6}.Debug|Any CPU.ActiveCfg = Debug|Any CPU
		{59B0401E-0B20-472D-A65A-BDD385A483C6}.Debug|Any CPU.Build.0 = Debug|Any CPU
		{59B0401E-0B20-472D-A65A-BDD385A483C6}.Release|Any CPU.ActiveCfg = Release|Any CPU
		{59B0401E-0B20-472D-A65A-BDD385A483C6}.Release|Any CPU.Build.0 = Release|Any CPU
		{A4230C5B-1162-4B1E-9B77-0F3C2E22FCE8}.Debug|Any CPU.ActiveCfg = Debug|Any CPU
		{A4230C5B-1162-4B1E-9B77-0F3C2E22FCE8}.Debug|Any CPU.Build.0 = Debug|Any CPU
		{A4230C5B-1162-4B1E-9B77-0F3C2E22FCE8}.Release|Any CPU.ActiveCfg = Release|Any CPU
		{A4230C5B-1162-4B1E-9B77-0F3C2E22FCE8}.Release|Any CPU.Build.0 = Release|Any CPU
	EndGlobalSection
EndGlobal
