
Microsoft Visual Studio Solution File, Format Version 12.00
Project("{FAE04EC0-301F-11D3-BF4B-00C04F79EFBC}") = "DS_Bot", "DS_Bot\DS_Bot.csproj", "{F34A8E70-AEE4-4866-B91A-F36F486CEFE9}"
EndProject
Project("{FAE04EC0-301F-11D3-BF4B-00C04F79EFBC}") = "KpiDsLibrary", "KpiDsLibrary\KpiDsLibrary.csproj", "{3765BFAE-5D2E-4CFB-A114-465F4107C0CF}"
EndProject
Global
	GlobalSection(SolutionConfigurationPlatforms) = preSolution
		Debug|Any CPU = Debug|Any CPU
		Release|Any CPU = Release|Any CPU
	EndGlobalSection
	GlobalSection(ProjectConfigurationPlatforms) = postSolution
		{F34A8E70-AEE4-4866-B91A-F36F486CEFE9}.Debug|Any CPU.ActiveCfg = Debug|Any CPU
		{F34A8E70-AEE4-4866-B91A-F36F486CEFE9}.Debug|Any CPU.Build.0 = Debug|Any CPU
		{F34A8E70-AEE4-4866-B91A-F36F486CEFE9}.Release|Any CPU.ActiveCfg = Release|Any CPU
		{F34A8E70-AEE4-4866-B91A-F36F486CEFE9}.Release|Any CPU.Build.0 = Release|Any CPU
		{3765BFAE-5D2E-4CFB-A114-465F4107C0CF}.Debug|Any CPU.ActiveCfg = Debug|Any CPU
		{3765BFAE-5D2E-4CFB-A114-465F4107C0CF}.Debug|Any CPU.Build.0 = Debug|Any CPU
		{3765BFAE-5D2E-4CFB-A114-465F4107C0CF}.Release|Any CPU.ActiveCfg = Release|Any CPU
		{3765BFAE-5D2E-4CFB-A114-465F4107C0CF}.Release|Any CPU.Build.0 = Release|Any CPU
	EndGlobalSection
EndGlobal
