
Microsoft Visual Studio Solution File, Format Version 12.00
Project("{FAE04EC0-301F-11D3-BF4B-00C04F79EFBC}") = "DS_Bot", "DS_Bot.csproj", "{34735341-9848-44CC-8452-06741A61DF57}"
EndProject
Project("{FAE04EC0-301F-11D3-BF4B-00C04F79EFBC}") = "KpiDsLibrary", "..\KpiDsLibrary\KpiDsLibrary.csproj", "{AF2B9CFF-9F68-4DFC-8960-C8B849D17F3F}"
EndProject
Global
	GlobalSection(SolutionConfigurationPlatforms) = preSolution
		Debug|Any CPU = Debug|Any CPU
		Release|Any CPU = Release|Any CPU
	EndGlobalSection
	GlobalSection(ProjectConfigurationPlatforms) = postSolution
		{34735341-9848-44CC-8452-06741A61DF57}.Debug|Any CPU.ActiveCfg = Debug|Any CPU
		{34735341-9848-44CC-8452-06741A61DF57}.Debug|Any CPU.Build.0 = Debug|Any CPU
		{34735341-9848-44CC-8452-06741A61DF57}.Release|Any CPU.ActiveCfg = Release|Any CPU
		{34735341-9848-44CC-8452-06741A61DF57}.Release|Any CPU.Build.0 = Release|Any CPU
		{AF2B9CFF-9F68-4DFC-8960-C8B849D17F3F}.Debug|Any CPU.ActiveCfg = Debug|Any CPU
		{AF2B9CFF-9F68-4DFC-8960-C8B849D17F3F}.Debug|Any CPU.Build.0 = Debug|Any CPU
		{AF2B9CFF-9F68-4DFC-8960-C8B849D17F3F}.Release|Any CPU.ActiveCfg = Release|Any CPU
		{AF2B9CFF-9F68-4DFC-8960-C8B849D17F3F}.Release|Any CPU.Build.0 = Release|Any CPU
	EndGlobalSection
EndGlobal
